
Microsoft Visual Studio Solution File, Format Version 12.00
# Visual Studio Version 17
VisualStudioVersion = 17.10.34916.146
MinimumVisualStudioVersion = 10.0.40219.1
Project("{FAE04EC0-301F-11D3-BF4B-00C04F79EFBC}") = "veeb", "veeb.csproj", "{1A38A6E0-99B7-4500-BE7C-FE437CCBD4CD}"
EndProject
Global
	GlobalSection(SolutionConfigurationPlatforms) = preSolution
		Debug|Any CPU = Debug|Any CPU
		Release|Any CPU = Release|Any CPU
	EndGlobalSection
	GlobalSection(ProjectConfigurationPlatforms) = postSolution
		{1A38A6E0-99B7-4500-BE7C-FE437CCBD4CD}.Debug|Any CPU.ActiveCfg = Debug|Any CPU
		{1A38A6E0-99B7-4500-BE7C-FE437CCBD4CD}.Debug|Any CPU.Build.0 = Debug|Any CPU
		{1A38A6E0-99B7-4500-BE7C-FE437CCBD4CD}.Release|Any CPU.ActiveCfg = Release|Any CPU
		{1A38A6E0-99B7-4500-BE7C-FE437CCBD4CD}.Release|Any CPU.Build.0 = Release|Any CPU
	EndGlobalSection
	GlobalSection(SolutionProperties) = preSolution
		HideSolutionNode = FALSE
	EndGlobalSection
	GlobalSection(ExtensibilityGlobals) = postSolution
		SolutionGuid = {6CFBDC0D-144F-4165-8419-6A330E54C266}
	EndGlobalSection
EndGlobal
